version = 1
revision = 3
requires-python = ">=3.12"
resolution-markers = [
    "sys_platform != 'linux' and 'freebsd' in sys_platform",
    "sys_platform != 'linux' and 'freebsd' not in sys_platform",
    "sys_platform == 'linux' and 'freebsd' in sys_platform",
    "sys_platform == 'linux' and 'freebsd' not in sys_platform",
]

[[package]]
name = "cffi"
version = "2.0.0"
source = { registry = "https://pypi.org/simple" }
dependencies = [
    { name = "pycparser", marker = "implementation_name != 'PyPy' and sys_platform != 'linux'" },
]
sdist = { url = "https://files.pythonhosted.org/packages/eb/56/b1ba7935a17738ae8453301356628e8147c79dbb825bcbc73dc7401f9846/cffi-2.0.0.tar.gz", hash = "sha256:44d1b5909021139fe36001ae048dbdde8214afa20200eda0f64c068cac5d5529", size = 523588, upload-time = "2025-09-08T23:24:04.541Z" }
wheels = [
    { url = "https://files.pythonhosted.org/packages/7b/2b/2b6435f76bfeb6bbf055596976da087377ede68df465419d192acf00c437/cffi-2.0.0-cp312-cp312-win32.whl", hash = "sha256:da902562c3e9c550df360bfa53c035b2f241fed6d9aef119048073680ace4a18", size = 172932, upload-time = "2025-09-08T23:22:57.188Z" },
    { url = "https://files.pythonhosted.org/packages/f8/ed/13bd4418627013bec4ed6e54283b1959cf6db888048c7cf4b4c3b5b36002/cffi-2.0.0-cp312-cp312-win_amd64.whl", hash = "sha256:da68248800ad6320861f129cd9c1bf96ca849a2771a59e0344e88681905916f5", size = 183557, upload-time = "2025-09-08T23:22:58.351Z" },
    { url = "https://files.pythonhosted.org/packages/95/31/9f7f93ad2f8eff1dbc1c3656d7ca5bfd8fb52c9d786b4dcf19b2d02217fa/cffi-2.0.0-cp312-cp312-win_arm64.whl", hash = "sha256:4671d9dd5ec934cb9a73e7ee9676f9362aba54f7f34910956b84d727b0d73fb6", size = 177762, upload-time = "2025-09-08T23:22:59.668Z" },
    { url = "https://files.pythonhosted.org/packages/eb/6d/bf9bda840d5f1dfdbf0feca87fbdb64a918a69bca42cfa0ba7b137c48cb8/cffi-2.0.0-cp313-cp313-win32.whl", hash = "sha256:74a03b9698e198d47562765773b4a8309919089150a0bb17d829ad7b44b60d27", size = 172909, upload-time = "2025-09-08T23:23:14.32Z" },
    { url = "https://files.pythonhosted.org/packages/37/18/6519e1ee6f5a1e579e04b9ddb6f1676c17368a7aba48299c3759bbc3c8b3/cffi-2.0.0-cp313-cp313-win_amd64.whl", hash = "sha256:19f705ada2530c1167abacb171925dd886168931e0a7b78f5bffcae5c6b5be75", size = 183402, upload-time = "2025-09-08T23:23:15.535Z" },
    { url = "https://files.pythonhosted.org/packages/cb/0e/02ceeec9a7d6ee63bb596121c2c8e9b3a9e150936f4fbef6ca1943e6137c/cffi-2.0.0-cp313-cp313-win_arm64.whl", hash = "sha256:256f80b80ca3853f90c21b23ee78cd008713787b1b1e93eae9f3d6a7134abd91", size = 177780, upload-time = "2025-09-08T23:23:16.761Z" },
    { url = "https://files.pythonhosted.org/packages/3e/aa/df335faa45b395396fcbc03de2dfcab242cd61a9900e914fe682a59170b1/cffi-2.0.0-cp314-cp314-win32.whl", hash = "sha256:087067fa8953339c723661eda6b54bc98c5625757ea62e95eb4898ad5e776e9f", size = 175328, upload-time = "2025-09-08T23:23:44.61Z" },
    { url = "https://files.pythonhosted.org/packages/bb/92/882c2d30831744296ce713f0feb4c1cd30f346ef747b530b5318715cc367/cffi-2.0.0-cp314-cp314-win_amd64.whl", hash = "sha256:203a48d1fb583fc7d78a4c6655692963b860a417c0528492a6bc21f1aaefab25", size = 185650, upload-time = "2025-09-08T23:23:45.848Z" },
    { url = "https://files.pythonhosted.org/packages/9f/2c/98ece204b9d35a7366b5b2c6539c350313ca13932143e79dc133ba757104/cffi-2.0.0-cp314-cp314-win_arm64.whl", hash = "sha256:dbd5c7a25a7cb98f5ca55d258b103a2054f859a46ae11aaf23134f9cc0d356ad", size = 180687, upload-time = "2025-09-08T23:23:47.105Z" },
    { url = "https://files.pythonhosted.org/packages/a0/1d/ec1a60bd1a10daa292d3cd6bb0b359a81607154fb8165f3ec95fe003b85c/cffi-2.0.0-cp314-cp314t-win32.whl", hash = "sha256:1fc9ea04857caf665289b7a75923f2c6ed559b8298a1b8c49e59f7dd95c8481e", size = 180487, upload-time = "2025-09-08T23:23:40.423Z" },
    { url = "https://files.pythonhosted.org/packages/bf/41/4c1168c74fac325c0c8156f04b6749c8b6a8f405bbf91413ba088359f60d/cffi-2.0.0-cp314-cp314t-win_amd64.whl", hash = "sha256:d68b6cef7827e8641e8ef16f4494edda8b36104d79773a334beaa1e3521430f6", size = 191726, upload-time = "2025-09-08T23:23:41.742Z" },
    { url = "https://files.pythonhosted.org/packages/ae/3a/dbeec9d1ee0844c679f6bb5d6ad4e9f198b1224f4e7a32825f47f6192b0c/cffi-2.0.0-cp314-cp314t-win_arm64.whl", hash = "sha256:0a1527a803f0a659de1af2e1fd700213caba79377e27e4693648c2923da066f9", size = 184195, upload-time = "2025-09-08T23:23:43.004Z" },
]

[[package]]
name = "clr-loader"
version = "0.2.9"
source = { registry = "https://pypi.org/simple" }
dependencies = [
    { name = "cffi", marker = "python_full_version >= '3.12' and sys_platform != 'linux'" },
]
sdist = { url = "https://files.pythonhosted.org/packages/54/c2/da52aaf19424e3f0abec003d08dd1ccae52c88a3b41e31151a03bed18488/clr_loader-0.2.9.tar.gz", hash = "sha256:6af3d582c3de55ce9e9e676d2b3dbf6bc680c4ea8f76c58786739a5bdcf6b52d", size = 84829, upload-time = "2025-12-05T16:57:12.466Z" }
wheels = [
    { url = "https://files.pythonhosted.org/packages/b4/ba/7d6e6bdeee4e218a35a78b00f6fae24ef5b475dde293baffff30b92a67ff/clr_loader-0.2.9-py3-none-any.whl", hash = "sha256:7ef4f1280a5d3a4e19a8b21901b5fd804e104a1c40d755bcca0a4f694cb1b726", size = 56512, upload-time = "2025-12-05T16:57:10.811Z" },
]

[[package]]
name = "fonttools"
version = "4.61.1"
source = { registry = "https://pypi.org/simple" }
sdist = { url = "https://files.pythonhosted.org/packages/ec/ca/cf17b88a8df95691275a3d77dc0a5ad9907f328ae53acbe6795da1b2f5ed/fonttools-4.61.1.tar.gz", hash = "sha256:6675329885c44657f826ef01d9e4fb33b9158e9d93c537d84ad8399539bc6f69", size = 3565756, upload-time = "2025-12-12T17:31:24.246Z" }
wheels = [
    { url = "https://files.pythonhosted.org/packages/6f/16/7decaa24a1bd3a70c607b2e29f0adc6159f36a7e40eaba59846414765fd4/fonttools-4.61.1-cp312-cp312-macosx_10_13_universal2.whl", hash = "sha256:f3cb4a569029b9f291f88aafc927dd53683757e640081ca8c412781ea144565e", size = 2851593, upload-time = "2025-12-12T17:30:04.225Z" },
    { url = "https://files.pythonhosted.org/packages/94/98/3c4cb97c64713a8cf499b3245c3bf9a2b8fd16a3e375feff2aed78f96259/fonttools-4.61.1-cp312-cp312-macosx_10_13_x86_64.whl", hash = "sha256:41a7170d042e8c0024703ed13b71893519a1a6d6e18e933e3ec7507a2c26a4b2", size = 2400231, upload-time = "2025-12-12T17:30:06.47Z" },
    { url = "https://files.pythonhosted.org/packages/4b/cf/00ba28b0990982530addb8dc3e9e6f2fa9cb5c20df2abdda7baa755e8fe1/fonttools-4.61.1-cp313-cp313-macosx_10_13_universal2.whl", hash = "sha256:8c56c488ab471628ff3bfa80964372fc13504ece601e0d97a78ee74126b2045c", size = 2846454, upload-time = "2025-12-12T17:30:24.938Z" },
    { url = "https://files.pythonhosted.org/packages/5a/ca/468c9a8446a2103ae645d14fee3f610567b7042aba85031c1c65e3ef7471/fonttools-4.61.1-cp313-cp313-macosx_10_13_x86_64.whl", hash = "sha256:dc492779501fa723b04d0ab1f5be046797fee17d27700476edc7ee9ae535a61e", size = 2398191, upload-time = "2025-12-12T17:30:27.343Z" },
    { url = "https://files.pythonhosted.org/packages/32/8f/4e7bf82c0cbb738d3c2206c920ca34ca74ef9dabde779030145d28665104/fonttools-4.61.1-cp314-cp314-macosx_10_15_universal2.whl", hash = "sha256:fff4f534200a04b4a36e7ae3cb74493afe807b517a09e99cb4faa89a34ed6ecd", size = 2846094, upload-time = "2025-12-12T17:30:43.511Z" },
    { url = "https://files.pythonhosted.org/packages/71/09/d44e45d0a4f3a651f23a1e9d42de43bc643cce2971b19e784cc67d823676/fonttools-4.61.1-cp314-cp314-macosx_10_15_x86_64.whl", hash = "sha256:d9203500f7c63545b4ce3799319fe4d9feb1a1b89b28d3cb5abd11b9dd64147e", size = 2396589, upload-time = "2025-12-12T17:30:45.681Z" },
    { url = "https://files.pythonhosted.org/packages/39/5c/908ad78e46c61c3e3ed70c3b58ff82ab48437faf84ec84f109592cabbd9f/fonttools-4.61.1-cp314-cp314t-macosx_10_15_universal2.whl", hash = "sha256:e76ce097e3c57c4bcb67c5aa24a0ecdbd9f74ea9219997a707a4061fbe2707aa", size = 2929571, upload-time = "2025-12-12T17:31:02.574Z" },
    { url = "https://files.pythonhosted.org/packages/bd/41/975804132c6dea64cdbfbaa59f3518a21c137a10cccf962805b301ac6ab2/fonttools-4.61.1-cp314-cp314t-macosx_10_15_x86_64.whl", hash = "sha256:9cfef3ab326780c04d6646f68d4b4742aae222e8b8ea1d627c74e38afcbc9d91", size = 2435317, upload-time = "2025-12-12T17:31:04.974Z" },
    { url = "https://files.pythonhosted.org/packages/c7/4e/ce75a57ff3aebf6fc1f4e9d508b8e5810618a33d900ad6c19eb30b290b97/fonttools-4.61.1-py3-none-any.whl", hash = "sha256:17d2bf5d541add43822bcf0c43d7d847b160c9bb01d15d5007d84e2217aaa371", size = 1148996, upload-time = "2025-12-12T17:31:21.03Z" },
]

[[package]]
name = "o-rads"
version = "0.1.0"
source = { editable = "." }
dependencies = [
    { name = "toga" },
]

[package.metadata]
requires-dist = [{ name = "toga", specifier = ">=0.5.3" }]

[package.metadata.requires-dev]
dev = []

[[package]]
name = "packaging"
version = "25.0"
source = { registry = "https://pypi.org/simple" }
sdist = { url = "https://files.pythonhosted.org/packages/a1/d4/1fc4078c65507b51b96ca8f8c3ba19e6a61c8253c72794544580a7b6c24d/packaging-25.0.tar.gz", hash = "sha256:d443872c98d677bf60f6a1f2f8c1cb748e8fe762d2bf9d3148b5599295b0fc4f", size = 165727, upload-time = "2025-04-19T11:48:59.673Z" }
wheels = [
    { url = "https://files.pythonhosted.org/packages/20/12/38679034af332785aac8774540895e234f4d07f7545804097de4b666afd8/packaging-25.0-py3-none-any.whl", hash = "sha256:29572ef2b1f17581046b3a2227d5c611fb25ec70ca1ba8554b24b0e69331a484", size = 66469, upload-time = "2025-04-19T11:48:57.875Z" },
]

[[package]]
name = "pillow"
version = "12.0.0"
source = { registry = "https://pypi.org/simple" }
sdist = { url = "https://files.pythonhosted.org/packages/5a/b0/cace85a1b0c9775a9f8f5d5423c8261c858760e2466c79b2dd184638b056/pillow-12.0.0.tar.gz", hash = "sha256:87d4f8125c9988bfbed67af47dd7a953e2fc7b0cc1e7800ec6d2080d490bb353", size = 47008828, upload-time = "2025-10-15T18:24:14.008Z" }
wheels = [
    { url = "https://files.pythonhosted.org/packages/0c/b1/a7391df6adacf0a5c2cf6ac1cf1fcc1369e7d439d28f637a847f8803beb3/pillow-12.0.0-cp312-cp312-win32.whl", hash = "sha256:dd333073e0cacdc3089525c7df7d39b211bcdf31fc2824e49d01c6b6187b07d0", size = 6298769, upload-time = "2025-10-15T18:22:19.923Z" },
    { url = "https://files.pythonhosted.org/packages/a2/0b/d87733741526541c909bbf159e338dcace4f982daac6e5a8d6be225ca32d/pillow-12.0.0-cp312-cp312-win_amd64.whl", hash = "sha256:9fe611163f6303d1619bbcb653540a4d60f9e55e622d60a3108be0d5b441017a", size = 7001107, upload-time = "2025-10-15T18:22:21.644Z" },
    { url = "https://files.pythonhosted.org/packages/bc/96/aaa61ce33cc98421fb6088af2a03be4157b1e7e0e87087c888e2370a7f45/pillow-12.0.0-cp312-cp312-win_arm64.whl", hash = "sha256:7dfb439562f234f7d57b1ac6bc8fe7f838a4bd49c79230e0f6a1da93e82f1fad", size = 2436012, upload-time = "2025-10-15T18:22:23.621Z" },
    { url = "https://files.pythonhosted.org/packages/62/f2/de993bb2d21b33a98d031ecf6a978e4b61da207bef02f7b43093774c480d/pillow-12.0.0-cp313-cp313-ios_13_0_arm64_iphoneos.whl", hash = "sha256:0869154a2d0546545cde61d1789a6524319fc1897d9ee31218eae7a60ccc5643", size = 4045493, upload-time = "2025-10-15T18:22:25.758Z" },
    { url = "https://files.pythonhosted.org/packages/0e/b6/bc8d0c4c9f6f111a783d045310945deb769b806d7574764234ffd50bc5ea/pillow-12.0.0-cp313-cp313-ios_13_0_arm64_iphonesimulator.whl", hash = "sha256:a7921c5a6d31b3d756ec980f2f47c0cfdbce0fc48c22a39347a895f41f4a6ea4", size = 4120461, upload-time = "2025-10-15T18:22:27.286Z" },
    { url = "https://files.pythonhosted.org/packages/5d/57/d60d343709366a353dc56adb4ee1e7d8a2cc34e3fbc22905f4167cfec119/pillow-12.0.0-cp313-cp313-ios_13_0_x86_64_iphonesimulator.whl", hash = "sha256:1ee80a59f6ce048ae13cda1abf7fbd2a34ab9ee7d401c46be3ca685d1999a399", size = 3576912, upload-time = "2025-10-15T18:22:28.751Z" },
    { url = "https://files.pythonhosted.org/packages/dd/ca/16c6926cc1c015845745d5c16c9358e24282f1e588237a4c36d2b30f182f/pillow-12.0.0-cp313-cp313-win32.whl", hash = "sha256:4cc6b3b2efff105c6a1656cfe59da4fdde2cda9af1c5e0b58529b24525d0a098", size = 6302391, upload-time = "2025-10-15T18:22:44.753Z" },
    { url = "https://files.pythonhosted.org/packages/6d/2a/dd43dcfd6dae9b6a49ee28a8eedb98c7d5ff2de94a5d834565164667b97b/pillow-12.0.0-cp313-cp313-win_amd64.whl", hash = "sha256:4cf7fed4b4580601c4345ceb5d4cbf5a980d030fd5ad07c4d2ec589f95f09905", size = 7007477, upload-time = "2025-10-15T18:22:46.838Z" },
    { url = "https://files.pythonhosted.org/packages/77/f0/72ea067f4b5ae5ead653053212af05ce3705807906ba3f3e8f58ddf617e6/pillow-12.0.0-cp313-cp313-win_arm64.whl", hash = "sha256:9f0b04c6b8584c2c193babcccc908b38ed29524b29dd464bc8801bf10d746a3a", size = 2435918, upload-time = "2025-10-15T18:22:48.399Z" },
    { url = "https://files.pythonhosted.org/packages/61/2b/726235842220ca95fa441ddf55dd2382b52ab5b8d9c0596fe6b3f23dafe8/pillow-12.0.0-cp313-cp313t-win32.whl", hash = "sha256:4078242472387600b2ce8d93ade8899c12bf33fa89e55ec89fe126e9d6d5d9e9", size = 6306201, upload-time = "2025-10-15T18:23:04.709Z" },
    { url = "https://files.pythonhosted.org/packages/c0/3d/2afaf4e840b2df71344ababf2f8edd75a705ce500e5dc1e7227808312ae1/pillow-12.0.0-cp313-cp313t-win_amd64.whl", hash = "sha256:2c54c1a783d6d60595d3514f0efe9b37c8808746a66920315bfd34a938d7994b", size = 7013165, upload-time = "2025-10-15T18:23:06.46Z" },
    { url = "https://files.pythonhosted.org/packages/6f/75/3fa09aa5cf6ed04bee3fa575798ddf1ce0bace8edb47249c798077a81f7f/pillow-12.0.0-cp313-cp313t-win_arm64.whl", hash = "sha256:26d9f7d2b604cd23aba3e9faf795787456ac25634d82cd060556998e39c6fa47", size = 2437834, upload-time = "2025-10-15T18:23:08.194Z" },
    { url = "https://files.pythonhosted.org/packages/54/2a/9a8c6ba2c2c07b71bec92cf63e03370ca5e5f5c5b119b742bcc0cde3f9c5/pillow-12.0.0-cp314-cp314-ios_13_0_arm64_iphoneos.whl", hash = "sha256:beeae3f27f62308f1ddbcfb0690bf44b10732f2ef43758f169d5e9303165d3f9", size = 4045531, upload-time = "2025-10-15T18:23:10.121Z" },
    { url = "https://files.pythonhosted.org/packages/84/54/836fdbf1bfb3d66a59f0189ff0b9f5f666cee09c6188309300df04ad71fa/pillow-12.0.0-cp314-cp314-ios_13_0_arm64_iphonesimulator.whl", hash = "sha256:d4827615da15cd59784ce39d3388275ec093ae3ee8d7f0c089b76fa87af756c2", size = 4120554, upload-time = "2025-10-15T18:23:12.14Z" },
    { url = "https://files.pythonhosted.org/packages/0d/cd/16aec9f0da4793e98e6b54778a5fbce4f375c6646fe662e80600b8797379/pillow-12.0.0-cp314-cp314-ios_13_0_x86_64_iphonesimulator.whl", hash = "sha256:3e42edad50b6909089750e65c91aa09aaf1e0a71310d383f11321b27c224ed8a", size = 3576812, upload-time = "2025-10-15T18:23:13.962Z" },
    { url = "https://files.pythonhosted.org/packages/bf/db/4fae862f8fad0167073a7733973bfa955f47e2cac3dc3e3e6257d10fab4a/pillow-12.0.0-cp314-cp314-win32.whl", hash = "sha256:1b1b133e6e16105f524a8dec491e0586d072948ce15c9b914e41cdadd209052b", size = 6400621, upload-time = "2025-10-15T18:23:32.06Z" },
    { url = "https://files.pythonhosted.org/packages/2b/24/b350c31543fb0107ab2599464d7e28e6f856027aadda995022e695313d94/pillow-12.0.0-cp314-cp314-win_amd64.whl", hash = "sha256:8dc232e39d409036af549c86f24aed8273a40ffa459981146829a324e0848b4b", size = 7142916, upload-time = "2025-10-15T18:23:34.71Z" },
    { url = "https://files.pythonhosted.org/packages/0f/9b/0ba5a6fd9351793996ef7487c4fdbde8d3f5f75dbedc093bb598648fddf0/pillow-12.0.0-cp314-cp314-win_arm64.whl", hash = "sha256:d52610d51e265a51518692045e372a4c363056130d922a7351429ac9f27e70b0", size = 2523836, upload-time = "2025-10-15T18:23:36.967Z" },
    { url = "https://files.pythonhosted.org/packages/a2/2f/16cabcc6426c32218ace36bf0d55955e813f2958afddbf1d391849fee9d1/pillow-12.0.0-cp314-cp314t-win32.whl", hash = "sha256:3830c769decf88f1289680a59d4f4c46c72573446352e2befec9a8512104fa52", size = 6408045, upload-time = "2025-10-15T18:23:53.177Z" },
    { url = "https://files.pythonhosted.org/packages/35/73/e29aa0c9c666cf787628d3f0dcf379f4791fba79f4936d02f8b37165bdf8/pillow-12.0.0-cp314-cp314t-win_amd64.whl", hash = "sha256:905b0365b210c73afb0ebe9101a32572152dfd1c144c7e28968a331b9217b94a", size = 7148282, upload-time = "2025-10-15T18:23:55.316Z" },
    { url = "https://files.pythonhosted.org/packages/c1/70/6b41bdcddf541b437bbb9f47f94d2db5d9ddef6c37ccab8c9107743748a4/pillow-12.0.0-cp314-cp314t-win_arm64.whl", hash = "sha256:99353a06902c2e43b43e8ff74ee65a7d90307d82370604746738a1e0661ccca7", size = 2525630, upload-time = "2025-10-15T18:23:57.149Z" },
]

[[package]]
name = "pycairo"
version = "1.29.0"
source = { registry = "https://pypi.org/simple" }
sdist = { url = "https://files.pythonhosted.org/packages/22/d9/1728840a22a4ef8a8f479b9156aa2943cd98c3907accd3849fb0d5f82bfd/pycairo-1.29.0.tar.gz", hash = "sha256:f3f7fde97325cae80224c09f12564ef58d0d0f655da0e3b040f5807bd5bd3142", size = 665871, upload-time = "2025-11-11T19:13:01.584Z" }
wheels = [
    { url = "https://files.pythonhosted.org/packages/f6/28/6363087b9e60af031398a6ee5c248639eefc6cc742884fa2789411b1f73b/pycairo-1.29.0-cp312-cp312-win32.whl", hash = "sha256:91bcd7b5835764c616a615d9948a9afea29237b34d2ed013526807c3d79bb1d0", size = 751486, upload-time = "2025-11-11T19:11:54.451Z" },
    { url = "https://files.pythonhosted.org/packages/3a/d2/d146f1dd4ef81007686ac52231dd8f15ad54cf0aa432adaefc825475f286/pycairo-1.29.0-cp312-cp312-win_amd64.whl", hash = "sha256:3f01c3b5e49ef9411fff6bc7db1e765f542dc1c9cfed4542958a5afa3a8b8e76", size = 845383, upload-time = "2025-11-11T19:12:01.551Z" },
    { url = "https://files.pythonhosted.org/packages/01/16/6e6f33bb79ec4a527c9e633915c16dc55a60be26b31118dbd0d5859e8c51/pycairo-1.29.0-cp312-cp312-win_arm64.whl", hash = "sha256:eafe3d2076f3533535ad4a361fa0754e0ee66b90e548a3a0f558fed00b1248f2", size = 694518, upload-time = "2025-11-11T19:12:06.561Z" },
    { url = "https://files.pythonhosted.org/packages/f0/21/3f477dc318dd4e84a5ae6301e67284199d7e5a2384f3063714041086b65d/pycairo-1.29.0-cp313-cp313-win32.whl", hash = "sha256:3eb382a4141591807073274522f7aecab9e8fa2f14feafd11ac03a13a58141d7", size = 750949, upload-time = "2025-11-11T19:12:12.198Z" },
    { url = "https://files.pythonhosted.org/packages/43/34/7d27a333c558d6ac16dbc12a35061d389735e99e494ee4effa4ec6d99bed/pycairo-1.29.0-cp313-cp313-win_amd64.whl", hash = "sha256:91114e4b3fbf4287c2b0788f83e1f566ce031bda49cf1c3c3c19c3e986e95c38", size = 844149, upload-time = "2025-11-11T19:12:19.171Z" },
    { url = "https://files.pythonhosted.org/packages/15/43/e782131e23df69e5c8e631a016ed84f94bbc4981bf6411079f57af730a23/pycairo-1.29.0-cp313-cp313-win_arm64.whl", hash = "sha256:09b7f69a5ff6881e151354ea092137b97b0b1f0b2ab4eb81c92a02cc4a08e335", size = 693595, upload-time = "2025-11-11T19:12:23.445Z" },
    { url = "https://files.pythonhosted.org/packages/2d/fa/87eaeeb9d53344c769839d7b2854db7ff2cd596211e00dd1b702eeb1838f/pycairo-1.29.0-cp314-cp314-win32.whl", hash = "sha256:69e2a7968a3fbb839736257bae153f547bca787113cc8d21e9e08ca4526e0b6b", size = 767198, upload-time = "2025-11-11T19:12:42.336Z" },
    { url = "https://files.pythonhosted.org/packages/3c/90/3564d0f64d0a00926ab863dc3c4a129b1065133128e96900772e1c4421f8/pycairo-1.29.0-cp314-cp314-win_amd64.whl", hash = "sha256:e91243437a21cc4c67c401eff4433eadc45745275fa3ade1a0d877e50ffb90da", size = 871579, upload-time = "2025-11-11T19:12:48.982Z" },
    { url = "https://files.pythonhosted.org/packages/5e/91/93632b6ba12ad69c61991e3208bde88486fdfc152be8cfdd13444e9bc650/pycairo-1.29.0-cp314-cp314-win_arm64.whl", hash = "sha256:b72200ea0e5f73ae4c788cd2028a750062221385eb0e6d8f1ecc714d0b4fdf82", size = 719537, upload-time = "2025-11-11T19:12:55.016Z" },
    { url = "https://files.pythonhosted.org/packages/93/23/37053c039f8d3b9b5017af9bc64d27b680c48a898d48b72e6d6583cf0155/pycairo-1.29.0-cp314-cp314t-win_amd64.whl", hash = "sha256:5e45fce6185f553e79e4ef1722b8e98e6cde9900dbc48cb2637a9ccba86f627a", size = 874015, upload-time = "2025-11-11T19:12:28.47Z" },
    { url = "https://files.pythonhosted.org/packages/d7/54/123f6239685f5f3f2edc123f1e38d2eefacebee18cf3c532d2f4bd51d0ef/pycairo-1.29.0-cp314-cp314t-win_arm64.whl", hash = "sha256:caba0837a4b40d47c8dfb0f24cccc12c7831e3dd450837f2a356c75f21ce5a15", size = 721404, upload-time = "2025-11-11T19:12:36.919Z" },
]

[[package]]
name = "pycparser"
version = "2.23"
source = { registry = "https://pypi.org/simple" }
sdist = { url = "https://files.pythonhosted.org/packages/fe/cf/d2d3b9f5699fb1e4615c8e32ff220203e43b248e1dfcc6736ad9057731ca/pycparser-2.23.tar.gz", hash = "sha256:78816d4f24add8f10a06d6f05b4d424ad9e96cfebf68a4ddc99c65c0720d00c2", size = 173734, upload-time = "2025-09-09T13:23:47.91Z" }
wheels = [
    { url = "https://files.pythonhosted.org/packages/a0/e3/59cd50310fc9b59512193629e1984c1f95e5c8ae6e5d8c69532ccc65a7fe/pycparser-2.23-py3-none-any.whl", hash = "sha256:e5c6e8d3fbad53479cab09ac03729e0a9faf2bee3db8208a550daf5af81a5934", size = 118140, upload-time = "2025-09-09T13:23:46.651Z" },
]

[[package]]
name = "pygobject"
version = "3.54.5"
source = { registry = "https://pypi.org/simple" }
dependencies = [
    { name = "pycairo", marker = "'freebsd' in sys_platform or sys_platform == 'linux'" },
]
sdist = { url = "https://files.pythonhosted.org/packages/d3/a5/68f883df1d8442e3b267cb92105a4b2f0de819bd64ac9981c2d680d3f49f/pygobject-3.54.5.tar.gz", hash = "sha256:b6656f6348f5245606cf15ea48c384c7f05156c75ead206c1b246c80a22fb585", size = 1274658, upload-time = "2025-10-18T13:45:03.121Z" }

[[package]]
name = "pythonnet"
version = "3.0.5"
source = { registry = "https://pypi.org/simple" }
dependencies = [
    { name = "clr-loader", marker = "sys_platform != 'linux'" },
]
sdist = { url = "https://files.pythonhosted.org/packages/9a/d6/1afd75edd932306ae9bd2c2d961d603dc2b52fcec51b04afea464f1f6646/pythonnet-3.0.5.tar.gz", hash = "sha256:48e43ca463941b3608b32b4e236db92d8d40db4c58a75ace902985f76dac21cf", size = 239212, upload-time = "2024-12-13T08:30:44.393Z" }
wheels = [
    { url = "https://files.pythonhosted.org/packages/cd/f1/bfb6811df4745f92f14c47a29e50e89a36b1533130fcc56452d4660bd2d6/pythonnet-3.0.5-py3-none-any.whl", hash = "sha256:f6702d694d5d5b163c9f3f5cc34e0bed8d6857150237fae411fefb883a656d20", size = 297506, upload-time = "2024-12-13T08:30:40.661Z" },
]

[[package]]
name = "rubicon-objc"
version = "0.5.3"
source = { registry = "https://pypi.org/simple" }
sdist = { url = "https://files.pythonhosted.org/packages/4f/d2/d39ecd205661a5c14c90dbd92a722a203848a3621785c9783716341de427/rubicon_objc-0.5.3.tar.gz", hash = "sha256:74c25920c5951a05db9d3a1aac31d23816ec7dacc841a5b124d911b99ea71b9a", size = 171512, upload-time = "2025-12-03T03:51:10.264Z" }
wheels = [
    { url = "https://files.pythonhosted.org/packages/93/ab/e834c01138c272fb2e37d2f3c7cba708bc694dbc7b3f03b743f29ceb92d5/rubicon_objc-0.5.3-py3-none-any.whl", hash = "sha256:31dedcda9be38435f5ec067906e1eea5d0ddb790330e98a22e94ff424758b415", size = 64414, upload-time = "2025-12-03T03:51:09.082Z" },
]

[[package]]
name = "toga"
version = "0.5.3"
source = { registry = "https://pypi.org/simple" }
dependencies = [
    { name = "toga-android", marker = "sys_platform == 'android'" },
    { name = "toga-cocoa", marker = "sys_platform == 'darwin'" },
    { name = "toga-gtk", marker = "'freebsd' in sys_platform or sys_platform == 'linux'" },
    { name = "toga-ios", marker = "sys_platform == 'ios'" },
    { name = "toga-web", marker = "sys_platform == 'emscripten'" },
    { name = "toga-winforms", marker = "sys_platform == 'win32'" },
]
sdist = { url = "https://files.pythonhosted.org/packages/e8/b2/2a671f88bdc00234f86eafaf4990157a76f1252ba82027bf21a58924a1f3/toga-0.5.3.tar.gz", hash = "sha256:4dc555c1cdff459e1224f55e71cb5c44c98c04b665a6d4cc49a7d40c6b0fc071", size = 3899, upload-time = "2025-12-03T06:50:19.357Z" }
wheels = [
    { url = "https://files.pythonhosted.org/packages/db/45/ceb4021e46a1dbad10a4101d61f34b1b1d5c8213bbf71071d4f17d27fa88/toga-0.5.3-py3-none-any.whl", hash = "sha256:d535e7829cfbff747349e1932e45b5492845da43998321bac81fd6a19c2f0f72", size = 3371, upload-time = "2025-12-03T06:50:07.774Z" },
]

[[package]]
name = "toga-android"
version = "0.5.3"
source = { registry = "https://pypi.org/simple" }
dependencies = [
    { name = "toga-core", marker = "sys_platform != 'linux'" },
]
sdist = { url = "https://files.pythonhosted.org/packages/9b/7f/35432cf9b7c930dec725b15ef0dcd63c9679ffdfda6cf60df3935950b84c/toga_android-0.5.3.tar.gz", hash = "sha256:e0279abfc13455cfc3d46d3b9338a81f3aa1ff5f51e402be6f518a7ee596a8e9", size = 75527, upload-time = "2025-12-03T06:50:12.133Z" }
wheels = [
    { url = "https://files.pythonhosted.org/packages/fe/6a/9384cc8c2d4beee833170c2d40db6ebcbbf57b68750cbfefa5ba46bc8daa/toga_android-0.5.3-py3-none-any.whl", hash = "sha256:edbc109154b15fb59e27221c78b649a9d8cda07d878aa478b93348ff328cb2e7", size = 70039, upload-time = "2025-12-03T06:50:05.198Z" },
]

[[package]]
name = "toga-cocoa"
version = "0.5.3"
source = { registry = "https://pypi.org/simple" }
dependencies = [
    { name = "fonttools", marker = "sys_platform != 'linux'" },
    { name = "rubicon-objc", marker = "sys_platform != 'linux'" },
    { name = "toga-core", marker = "sys_platform != 'linux'" },
]
sdist = { url = "https://files.pythonhosted.org/packages/b7/01/af143dfb4b6231ad5f5b1592707f28a76a10eb908e0a051ccd26b0f70c4e/toga_cocoa-0.5.3.tar.gz", hash = "sha256:0688b1fa9279abc959e814261185468bc9598f2664e8fd1046b2681d0e65aec2", size = 473372, upload-time = "2025-12-03T06:50:10.168Z" }
wheels = [
    { url = "https://files.pythonhosted.org/packages/d7/c0/794278b93bb85d9baf346aafd31d1b0aae43373016fe86b52c755d7e6753/toga_cocoa-0.5.3-py3-none-any.whl", hash = "sha256:0cf2b53200132ace4a675658ced76039e6c2a28097bfbe3303a0d51d86a3cd4b", size = 469435, upload-time = "2025-12-03T06:50:04.643Z" },
]

[[package]]
name = "toga-core"
version = "0.5.3"
source = { registry = "https://pypi.org/simple" }
dependencies = [
    { name = "travertino" },
]
sdist = { url = "https://files.pythonhosted.org/packages/7b/65/02d6fc7572b09e100791b9053e3e47bb72c0ab97cd90a3ffb069e30fdcf1/toga_core-0.5.3.tar.gz", hash = "sha256:b8a32fb73f53088eec503bcf536e5b1da548147e356ae7c2077943c34af64519", size = 1023659, upload-time = "2025-12-03T06:50:18.656Z" }
wheels = [
    { url = "https://files.pythonhosted.org/packages/ac/83/7da1a3ca22d67b514ccaecc3342eb6cc2dc1a34852b8c29cc3199f4d2bfd/toga_core-0.5.3-py3-none-any.whl", hash = "sha256:6dc50df6575c18bf34f385167808b027122f16ee25f143907293362178c01fab", size = 147585, upload-time = "2025-12-03T06:50:06.837Z" },
]

[[package]]
name = "toga-gtk"
version = "0.5.3"
source = { registry = "https://pypi.org/simple" }
dependencies = [
    { name = "packaging", marker = "'freebsd' in sys_platform or sys_platform == 'linux'" },
    { name = "pycairo", marker = "'freebsd' in sys_platform or sys_platform == 'linux'" },
    { name = "pygobject", marker = "'freebsd' in sys_platform or sys_platform == 'linux'" },
    { name = "toga-core", marker = "'freebsd' in sys_platform or sys_platform == 'linux'" },
]
sdist = { url = "https://files.pythonhosted.org/packages/52/50/b76b8d74e43b5f9cd690e3a39c816dbfb75cab4209b696e6561c5f31f009/toga_gtk-0.5.3.tar.gz", hash = "sha256:38a566d14e90912c299d38e0a6e3a1ff6596a8db31412a9e37f4d23158b4a87f", size = 82525, upload-time = "2025-12-03T06:50:16.583Z" }
wheels = [
    { url = "https://files.pythonhosted.org/packages/ab/ca/1f65e926c4369b9a2d366498418b5d5e76b1dfe7b2448448869dc15de86e/toga_gtk-0.5.3-py3-none-any.whl", hash = "sha256:4e48a01b4aace7cd7e653bf82b2c31780e5b7f1d138130bb5ab73bc3f2bb5fa5", size = 75458, upload-time = "2025-12-03T06:50:05.718Z" },
]

[[package]]
name = "toga-ios"
version = "0.5.3"
source = { registry = "https://pypi.org/simple" }
dependencies = [
    { name = "fonttools", marker = "sys_platform != 'linux'" },
    { name = "rubicon-objc", marker = "sys_platform != 'linux'" },
    { name = "toga-core", marker = "sys_platform != 'linux'" },
]
sdist = { url = "https://files.pythonhosted.org/packages/73/fa/112a7dba51c298d3561f6b3c78a4ba337289f8c92a425c9a84d7b6a6f7a3/toga_ios-0.5.3.tar.gz", hash = "sha256:d63d5bdb4553308f5d31f96cd7841f55eb5c9f95359f3fe615a162bc7d65adfc", size = 443452, upload-time = "2025-12-03T06:50:07.917Z" }
wheels = [
    { url = "https://files.pythonhosted.org/packages/dc/18/01f01be00b2b64118f4ea0a786e8b4af3b9f30a98d064b1f2f65a02f1063/toga_ios-0.5.3-py3-none-any.whl", hash = "sha256:9c6f89f5227bff4bea3e5d057ff686f0ac749ad6dbfdef8c24d0757888d0df13", size = 440695, upload-time = "2025-12-03T06:50:04.369Z" },
]

[[package]]
name = "toga-web"
version = "0.5.3"
source = { registry = "https://pypi.org/simple" }
dependencies = [
    { name = "toga-core", marker = "sys_platform != 'linux'" },
]
sdist = { url = "https://files.pythonhosted.org/packages/c7/fc/a6b13ce7b507f4406543c90d8e6e23fe313d125d5b4c8dc7195c84c67c9d/toga_web-0.5.3.tar.gz", hash = "sha256:ac32c865522d3d8ad411809ef2ac466e0a3e38b376a1fca922270c69ae4041b5", size = 19156, upload-time = "2025-12-03T06:50:10.188Z" }
wheels = [
    { url = "https://files.pythonhosted.org/packages/3a/a5/1c9f3cc32fe7fef7f6d3471ff415098ed8fc2d03f7706c0197326caac4aa/toga_web-0.5.3-py3-none-any.whl", hash = "sha256:7aba660a854195e1f6cf343e278d9570970461529b26f387b6132d7d65e5181d", size = 25002, upload-time = "2025-12-03T06:50:02.883Z" },
]

[[package]]
name = "toga-winforms"
version = "0.5.3"
source = { registry = "https://pypi.org/simple" }
dependencies = [
    { name = "pillow", marker = "sys_platform != 'linux'" },
    { name = "pythonnet", marker = "sys_platform != 'linux'" },
    { name = "toga-core", marker = "sys_platform != 'linux'" },
]
sdist = { url = "https://files.pythonhosted.org/packages/a7/c1/5287f1fa586ce5d1fcfa289b2010ac089ab5fded2877213802aa4dab45de/toga_winforms-0.5.3.tar.gz", hash = "sha256:0980a5b45e8213e43d01ab6b48d89d5f2548609b7609eb8a301cfaae38700af9", size = 345515, upload-time = "2025-12-03T06:50:03.461Z" }
wheels = [
    { url = "https://files.pythonhosted.org/packages/50/5e/988ccf1affd2c518def8379f33c448da087987b3cf014b3e46475693120a/toga_winforms-0.5.3-py3-none-win_amd64.whl", hash = "sha256:7b30bed029576eeef9a9308b80f775954cb2886c20d4fc889060d3b86ccb60ef", size = 344890, upload-time = "2025-12-03T06:50:01.317Z" },
]

[[package]]
name = "travertino"
version = "0.5.3"
source = { registry = "https://pypi.org/simple" }
sdist = { url = "https://files.pythonhosted.org/packages/c8/59/0940b241c3af6939a9c9fe22d218e77970b2fbeef7471dadafaeb3d59531/travertino-0.5.3.tar.gz", hash = "sha256:fdbdf3a2c78335ce6c357c334defe6f15e8315c0e213c43e59d1975e77df7cf3", size = 48923, upload-time = "2025-12-03T06:50:04.638Z" }
wheels = [
    { url = "https://files.pythonhosted.org/packages/8f/f0/dd7f32b7cb6e2102d5247150a57d74dc31fc09fea8a9212b7c2507e7df77/travertino-0.5.3-py3-none-any.whl", hash = "sha256:9f6f6840760af28295bba76aa175f35678aba33782ff29e78053b3cbdafafabf", size = 26118, upload-time = "2025-12-03T06:50:02.426Z" },
]
